
Microsoft Visual Studio Solution File, Format Version 12.00
# Visual Studio Version 17
VisualStudioVersion = 17.2.32616.157
MinimumVisualStudioVersion = 10.0.40219.1
Project("{FAE04EC0-301F-11D3-BF4B-00C04F79EFBC}") = "CassApp", "CassApp\CassApp.csproj", "{FF30FB77-5959-460E-B6B3-44F961B78453}"
EndProject
Global
	GlobalSection(SolutionConfigurationPlatforms) = preSolution
		Debug|Any CPU = Debug|Any CPU
		Release|Any CPU = Release|Any CPU
	EndGlobalSection
	GlobalSection(ProjectConfigurationPlatforms) = postSolution
		{FF30FB77-5959-460E-B6B3-44F961B78453}.Debug|Any CPU.ActiveCfg = Debug|Any CPU
		{FF30FB77-5959-460E-B6B3-44F961B78453}.Debug|Any CPU.Build.0 = Debug|Any CPU
		{FF30FB77-5959-460E-B6B3-44F961B78453}.Release|Any CPU.ActiveCfg = Release|Any CPU
		{FF30FB77-5959-460E-B6B3-44F961B78453}.Release|Any CPU.Build.0 = Release|Any CPU
	EndGlobalSection
	GlobalSection(SolutionProperties) = preSolution
		HideSolutionNode = FALSE
	EndGlobalSection
	GlobalSection(ExtensibilityGlobals) = postSolution
		SolutionGuid = {4DFD0E12-281B-4138-9A61-C991C2E5B1D6}
	EndGlobalSection
EndGlobal
