
Microsoft Visual Studio Solution File, Format Version 12.00
# Visual Studio Version 17
VisualStudioVersion = 17.1.32421.90
MinimumVisualStudioVersion = 10.0.40219.1
Project("{FAE04EC0-301F-11D3-BF4B-00C04F79EFBC}") = "task2", "task2\task2.csproj", "{0301D5A8-CFAE-41E0-B280-F9F7CC3D7F6C}"
EndProject
Global
	GlobalSection(SolutionConfigurationPlatforms) = preSolution
		Debug|Any CPU = Debug|Any CPU
		Release|Any CPU = Release|Any CPU
	EndGlobalSection
	GlobalSection(ProjectConfigurationPlatforms) = postSolution
		{0301D5A8-CFAE-41E0-B280-F9F7CC3D7F6C}.Debug|Any CPU.ActiveCfg = Debug|Any CPU
		{0301D5A8-CFAE-41E0-B280-F9F7CC3D7F6C}.Debug|Any CPU.Build.0 = Debug|Any CPU
		{0301D5A8-CFAE-41E0-B280-F9F7CC3D7F6C}.Release|Any CPU.ActiveCfg = Release|Any CPU
		{0301D5A8-CFAE-41E0-B280-F9F7CC3D7F6C}.Release|Any CPU.Build.0 = Release|Any CPU
	EndGlobalSection
	GlobalSection(SolutionProperties) = preSolution
		HideSolutionNode = FALSE
	EndGlobalSection
	GlobalSection(ExtensibilityGlobals) = postSolution
		SolutionGuid = {72A590D5-0512-4A19-B87E-79E482E42EA8}
	EndGlobalSection
EndGlobal
